
Microsoft Visual Studio Solution File, Format Version 12.00
# Visual Studio 2012
Project("{FAE04EC0-301F-11D3-BF4B-00C04F79EFBC}") = "UnityVS.-Unity2D--Tetris-Remake.CSharp", "UnityVS.-Unity2D--Tetris-Remake.CSharp.csproj", "{32BFBD5F-4430-2AAF-97C7-C34B88A8E7DE}"
EndProject
Project("{1FAC5C55-277D-4884-94A4-83DBDAF57E56}") = "UnityVS.-Unity2D--Tetris-Remake.UnityScript.Plugins", "UnityVS.-Unity2D--Tetris-Remake.UnityScript.Plugins.unityproj", "{3BA0E74A-7D5E-CFDF-E1ED-51944CD7AA5C}"
EndProject
Global
	GlobalSection(SolutionConfigurationPlatforms) = preSolution
		Debug|Any CPU = Debug|Any CPU
		Release|Any CPU = Release|Any CPU
	EndGlobalSection
	GlobalSection(ProjectConfigurationPlatforms) = postSolution
		{32BFBD5F-4430-2AAF-97C7-C34B88A8E7DE}.Debug|Any CPU.ActiveCfg = Debug|Any CPU
		{32BFBD5F-4430-2AAF-97C7-C34B88A8E7DE}.Debug|Any CPU.Build.0 = Debug|Any CPU
		{32BFBD5F-4430-2AAF-97C7-C34B88A8E7DE}.Release|Any CPU.ActiveCfg = Release|Any CPU
		{32BFBD5F-4430-2AAF-97C7-C34B88A8E7DE}.Release|Any CPU.Build.0 = Release|Any CPU
		{3BA0E74A-7D5E-CFDF-E1ED-51944CD7AA5C}.Debug|Any CPU.ActiveCfg = Debug|Any CPU
		{3BA0E74A-7D5E-CFDF-E1ED-51944CD7AA5C}.Debug|Any CPU.Build.0 = Debug|Any CPU
		{3BA0E74A-7D5E-CFDF-E1ED-51944CD7AA5C}.Release|Any CPU.ActiveCfg = Release|Any CPU
		{3BA0E74A-7D5E-CFDF-E1ED-51944CD7AA5C}.Release|Any CPU.Build.0 = Release|Any CPU
	EndGlobalSection
	GlobalSection(SolutionProperties) = preSolution
		HideSolutionNode = FALSE
	EndGlobalSection
EndGlobal
